
Microsoft Visual Studio Solution File, Format Version 12.00
# Visual Studio Version 17
VisualStudioVersion = 17.8.34511.84
MinimumVisualStudioVersion = 10.0.40219.1
Project("{FAE04EC0-301F-11D3-BF4B-00C04F79EFBC}") = "user-info", "user-info\user-info.csproj", "{56E3211B-740F-4943-875D-6927CD800427}"
EndProject
Global
	GlobalSection(SolutionConfigurationPlatforms) = preSolution
		Debug|Any CPU = Debug|Any CPU
		Release|Any CPU = Release|Any CPU
	EndGlobalSection
	GlobalSection(ProjectConfigurationPlatforms) = postSolution
		{56E3211B-740F-4943-875D-6927CD800427}.Debug|Any CPU.ActiveCfg = Debug|Any CPU
		{56E3211B-740F-4943-875D-6927CD800427}.Debug|Any CPU.Build.0 = Debug|Any CPU
		{56E3211B-740F-4943-875D-6927CD800427}.Release|Any CPU.ActiveCfg = Release|Any CPU
		{56E3211B-740F-4943-875D-6927CD800427}.Release|Any CPU.Build.0 = Release|Any CPU
	EndGlobalSection
	GlobalSection(SolutionProperties) = preSolution
		HideSolutionNode = FALSE
	EndGlobalSection
	GlobalSection(ExtensibilityGlobals) = postSolution
		SolutionGuid = {CCA372ED-04CF-4026-AA70-EA0794C26308}
	EndGlobalSection
EndGlobal
